
Microsoft Visual Studio Solution File, Format Version 12.00
# Visual Studio Version 16
VisualStudioVersion = 16.0.30804.86
MinimumVisualStudioVersion = 10.0.40219.1
Project("{FAE04EC0-301F-11D3-BF4B-00C04F79EFBC}") = "PSAA CA3 FINAL", "PSAA CA3 FINAL\PSAA CA3 FINAL.csproj", "{55C5AEF3-ED56-4473-90FE-E6F6A2A91BAE}"
EndProject
Global
	GlobalSection(SolutionConfigurationPlatforms) = preSolution
		Debug|Any CPU = Debug|Any CPU
		Release|Any CPU = Release|Any CPU
	EndGlobalSection
	GlobalSection(ProjectConfigurationPlatforms) = postSolution
		{55C5AEF3-ED56-4473-90FE-E6F6A2A91BAE}.Debug|Any CPU.ActiveCfg = Debug|Any CPU
		{55C5AEF3-ED56-4473-90FE-E6F6A2A91BAE}.Debug|Any CPU.Build.0 = Debug|Any CPU
		{55C5AEF3-ED56-4473-90FE-E6F6A2A91BAE}.Release|Any CPU.ActiveCfg = Release|Any CPU
		{55C5AEF3-ED56-4473-90FE-E6F6A2A91BAE}.Release|Any CPU.Build.0 = Release|Any CPU
	EndGlobalSection
	GlobalSection(SolutionProperties) = preSolution
		HideSolutionNode = FALSE
	EndGlobalSection
	GlobalSection(ExtensibilityGlobals) = postSolution
		SolutionGuid = {45908435-8309-4E52-8FD2-EDB2884686A6}
	EndGlobalSection
EndGlobal
